<?xml version="1.0" encoding="utf-8"?>
<Project ToolsVersion="4.0" xmlns="http://schemas.microsoft.com/developer/msbuild/2003">
  <ItemGroup>
    <Filter Include="Source Files">
      <UniqueIdentifier>{4FC737F1-C7A5-4376-A066-2A32D752A2FF}</UniqueIdentifier>
      <Extensions>cpp;c;cc;cxx;def;odl;idl;hpj;bat;asm;asmx</Extensions>
    </Filter>
    <Filter Include="Header Files">
      <UniqueIdentifier>{93995380-89BD-4b04-88EB-625FBE52EBFB}</UniqueIdentifier>
      <Extensions>h;hpp;hxx;hm;inl;inc;xsd</Extensions>
    </Filter>
    <Filter Include="Resource Files">
      <UniqueIdentifier>{67DA6AB6-F800-4c08-8B7A-83BB121AAD01}</UniqueIdentifier>
      <Extensions>rc;ico;cur;bmp;dlg;rc2;rct;bin;rgs;gif;jpg;jpeg;jpe;resx;tiff;tif;png;wav</Extensions>
    </Filter>
  </ItemGroup>
  <ItemGroup>
    <ClCompile Include="main.cpp">
      <Filter>Source Files</Filter>
    </ClCompile>
    <ClCompile Include="playlist_updater.cpp">
      <Filter>Source Files</Filter>
    </ClCompile>
    <ClCompile Include="preferences.cpp">
      <Filter>Source Files</Filter>
    </ClCompile>
    <ClCompile Include="queuecontents_initquit.cpp">
      <Filter>Source Files</Filter>
    </ClCompile>
    <ClCompile Include="queuecontents_lock.cpp">
      <Filter>Source Files</Filter>
    </ClCompile>
    <ClCompile Include="queuecontents_queue_callback.cpp">
      <Filter>Source Files</Filter>
    </ClCompile>
    <ClCompile Include="stdafx.cpp">
      <Filter>Source Files</Filter>
    </ClCompile>
    <ClCompile Include="ui_element_base.cpp">
      <Filter>Source Files</Filter>
    </ClCompile>
    <ClCompile Include="ui_element_configuration.cpp">
      <Filter>Source Files</Filter>
    </ClCompile>
    <ClCompile Include="uie_element.cpp">
      <Filter>Source Files</Filter>
    </ClCompile>
    <ClCompile Include="window_manager.cpp">
      <Filter>Source Files</Filter>
    </ClCompile>
    <ClCompile Include="config.cpp">
      <Filter>Source Files</Filter>
    </ClCompile>
    <ClCompile Include="DragSourceNotifyImpl.cpp">
      <Filter>Source Files</Filter>
    </ClCompile>
    <ClCompile Include="DropSourceImpl.cpp">
      <Filter>Source Files</Filter>
    </ClCompile>
    <ClCompile Include="DropTargetImpl.cpp">
      <Filter>Source Files</Filter>
    </ClCompile>
    <ClCompile Include="dui_element.cpp">
      <Filter>Source Files</Filter>
    </ClCompile>
    <ClCompile Include="listbox.cpp">
      <Filter>Source Files</Filter>
    </ClCompile>
    <ClCompile Include="queuecontents_titleformat_hook.cpp">
      <Filter>Source Files</Filter>
    </ClCompile>
    <ClCompile Include="playlist_queue_item_watcher.cpp">
      <Filter>Source Files</Filter>
    </ClCompile>
  </ItemGroup>
  <ItemGroup>
    <ClInclude Include="cfg_objMapWithDefault.h">
      <Filter>Header Files</Filter>
    </ClInclude>
    <ClInclude Include="config.h">
      <Filter>Header Files</Filter>
    </ClInclude>
    <ClInclude Include="CPropertyEditWindowWithAutomaticSave.h">
      <Filter>Header Files</Filter>
    </ClInclude>
    <ClInclude Include="CustomPropertyGrid.h">
      <Filter>Header Files</Filter>
    </ClInclude>
    <ClInclude Include="default_ui_hacks.h">
      <Filter>Header Files</Filter>
    </ClInclude>
    <ClInclude Include="DropSourceImpl.h">
      <Filter>Header Files</Filter>
    </ClInclude>
    <ClInclude Include="DropSourceNotifyImpl.h">
      <Filter>Header Files</Filter>
    </ClInclude>
    <ClInclude Include="DropTargetImpl.h">
      <Filter>Header Files</Filter>
    </ClInclude>
    <ClInclude Include="dui_element.h">
      <Filter>Header Files</Filter>
    </ClInclude>
    <ClInclude Include="guids.h">
      <Filter>Header Files</Filter>
    </ClInclude>
    <ClInclude Include="HPropertyHelpers.h">
      <Filter>Header Files</Filter>
    </ClInclude>
    <ClInclude Include="listbox.h">
      <Filter>Header Files</Filter>
    </ClInclude>
    <ClInclude Include="playlist_updater.h">
      <Filter>Header Files</Filter>
    </ClInclude>
    <ClInclude Include="preferences.h">
      <Filter>Header Files</Filter>
    </ClInclude>
    <ClInclude Include="PropertyGrid.h">
      <Filter>Header Files</Filter>
    </ClInclude>
    <ClInclude Include="PropertyItem.h">
      <Filter>Header Files</Filter>
    </ClInclude>
    <ClInclude Include="PropertyItemEditors.h">
      <Filter>Header Files</Filter>
    </ClInclude>
    <ClInclude Include="PropertyItemImpl.h">
      <Filter>Header Files</Filter>
    </ClInclude>
    <ClInclude Include="queue_helpers.h">
      <Filter>Header Files</Filter>
    </ClInclude>
    <ClInclude Include="queuecontents_initquit.h">
      <Filter>Header Files</Filter>
    </ClInclude>
    <ClInclude Include="queuecontents_lock.h">
      <Filter>Header Files</Filter>
    </ClInclude>
    <ClInclude Include="reorder_helpers.h">
      <Filter>Header Files</Filter>
    </ClInclude>
    <ClInclude Include="resource.h">
      <Filter>Header Files</Filter>
    </ClInclude>
    <ClInclude Include="stdafx.h">
      <Filter>Header Files</Filter>
    </ClInclude>
    <ClInclude Include="targetver.h">
      <Filter>Header Files</Filter>
    </ClInclude>
    <ClInclude Include="ui_element_base.h">
      <Filter>Header Files</Filter>
    </ClInclude>
    <ClInclude Include="ui_element_configuration.h">
      <Filter>Header Files</Filter>
    </ClInclude>
    <ClInclude Include="ui_element_configuration_host.h">
      <Filter>Header Files</Filter>
    </ClInclude>
    <ClInclude Include="uie_element.h">
      <Filter>Header Files</Filter>
    </ClInclude>
    <ClInclude Include="window_manager.h">
      <Filter>Header Files</Filter>
    </ClInclude>
    <ClInclude Include="queuecontents_titleformat_hook.h">
      <Filter>Header Files</Filter>
    </ClInclude>
    <ClInclude Include="playlist_queue_item_watcher.h">
      <Filter>Header Files</Filter>
    </ClInclude>
  </ItemGroup>
  <ItemGroup>
    <ResourceCompile Include="foo_queuecontents.rc">
      <Filter>Source Files</Filter>
    </ResourceCompile>
  </ItemGroup>
</Project>